// !$*UTF8*$!
{
	archiveVersion = 1;
	classes = {
	};
	objectVersion = 46;
	objects = {

/* Begin PBXBuildFile section */
		6A31D53514F86984007CCE03 /* UIKit.framework in Frameworks */ = {isa = PBXBuildFile; fileRef = 6A31D53414F86984007CCE03 /* UIKit.framework */; };
		6A31D53714F86984007CCE03 /* Foundation.framework in Frameworks */ = {isa = PBXBuildFile; fileRef = 6A31D53614F86984007CCE03 /* Foundation.framework */; };
		6A31D53914F86984007CCE03 /* CoreGraphics.framework in Frameworks */ = {isa = PBXBuildFile; fileRef = 6A31D53814F86984007CCE03 /* CoreGraphics.framework */; };
		6A31D53F14F86984007CCE03 /* InfoPlist.strings in Resources */ = {isa = PBXBuildFile; fileRef = 6A31D53D14F86984007CCE03 /* InfoPlist.strings */; };
		6A31D54114F86984007CCE03 /* main.m in Sources */ = {isa = PBXBuildFile; fileRef = 6A31D54014F86984007CCE03 /* main.m */; };
		6A31D54514F86984007CCE03 /* AppDelegate.m in Sources */ = {isa = PBXBuildFile; fileRef = 6A31D54414F86984007CCE03 /* AppDelegate.m */; };
		6A31D54814F86984007CCE03 /* MainStoryboard.storyboard in Resources */ = {isa = PBXBuildFile; fileRef = 6A31D54614F86984007CCE03 /* MainStoryboard.storyboard */; };
		6A31D54B14F86984007CCE03 /* ViewController.m in Sources */ = {isa = PBXBuildFile; fileRef = 6A31D54A14F86984007CCE03 /* ViewController.m */; };
		6A31D60E14FC35FE007CCE03 /* Security.framework in Frameworks */ = {isa = PBXBuildFile; fileRef = 6A31D60D14FC35FE007CCE03 /* Security.framework */; };
		6A31D61014FC3609007CCE03 /* SystemConfiguration.framework in Frameworks */ = {isa = PBXBuildFile; fileRef = 6A31D60F14FC3609007CCE03 /* SystemConfiguration.framework */; };
		6A7F1857163F4217002A0E00 /* GTLObject.m in Sources */ = {isa = PBXBuildFile; fileRef = 6A7F181E163F4217002A0E00 /* GTLObject.m */; settings = {COMPILER_FLAGS = "-fno-objc-arc"; }; };
		6A7F1858163F4217002A0E00 /* GTLQuery.m in Sources */ = {isa = PBXBuildFile; fileRef = 6A7F1820163F4217002A0E00 /* GTLQuery.m */; settings = {COMPILER_FLAGS = "-fno-objc-arc"; }; };
		6A7F1859163F4217002A0E00 /* GTLBatchQuery.m in Sources */ = {isa = PBXBuildFile; fileRef = 6A7F1822163F4217002A0E00 /* GTLBatchQuery.m */; settings = {COMPILER_FLAGS = "-fno-objc-arc"; }; };
		6A7F185A163F4217002A0E00 /* GTLService.m in Sources */ = {isa = PBXBuildFile; fileRef = 6A7F1824163F4217002A0E00 /* GTLService.m */; settings = {COMPILER_FLAGS = "-fno-objc-arc"; }; };
		6A7F185B163F4217002A0E00 /* GTLBatchResult.m in Sources */ = {isa = PBXBuildFile; fileRef = 6A7F1826163F4217002A0E00 /* GTLBatchResult.m */; settings = {COMPILER_FLAGS = "-fno-objc-arc"; }; };
		6A7F185C163F4217002A0E00 /* GTLUploadParameters.m in Sources */ = {isa = PBXBuildFile; fileRef = 6A7F1828163F4217002A0E00 /* GTLUploadParameters.m */; settings = {COMPILER_FLAGS = "-fno-objc-arc"; }; };
		6A7F185D163F4217002A0E00 /* GTLDateTime.m in Sources */ = {isa = PBXBuildFile; fileRef = 6A7F182A163F4217002A0E00 /* GTLDateTime.m */; settings = {COMPILER_FLAGS = "-fno-objc-arc"; }; };
		6A7F185E163F4217002A0E00 /* GTLErrorObject.m in Sources */ = {isa = PBXBuildFile; fileRef = 6A7F182C163F4217002A0E00 /* GTLErrorObject.m */; settings = {COMPILER_FLAGS = "-fno-objc-arc"; }; };
		6A7F185F163F4217002A0E00 /* GTLRuntimeCommon.m in Sources */ = {isa = PBXBuildFile; fileRef = 6A7F182E163F4217002A0E00 /* GTLRuntimeCommon.m */; settings = {COMPILER_FLAGS = "-fno-objc-arc"; }; };
		6A7F1860163F4217002A0E00 /* GTLFramework.m in Sources */ = {isa = PBXBuildFile; fileRef = 6A7F1830163F4217002A0E00 /* GTLFramework.m */; settings = {COMPILER_FLAGS = "-fno-objc-arc"; }; };
		6A7F1861163F4217002A0E00 /* GTLJSONParser.m in Sources */ = {isa = PBXBuildFile; fileRef = 6A7F1832163F4217002A0E00 /* GTLJSONParser.m */; settings = {COMPILER_FLAGS = "-fno-objc-arc"; }; };
		6A7F1862163F4217002A0E00 /* GTLUtilities.m in Sources */ = {isa = PBXBuildFile; fileRef = 6A7F1835163F4217002A0E00 /* GTLUtilities.m */; settings = {COMPILER_FLAGS = "-fno-objc-arc"; }; };
		6A7F1863163F4217002A0E00 /* GTLBase64.m in Sources */ = {isa = PBXBuildFile; fileRef = 6A7F1837163F4217002A0E00 /* GTLBase64.m */; settings = {COMPILER_FLAGS = "-fno-objc-arc"; }; };
		6A7F1864163F4217002A0E00 /* GTMHTTPFetcherService.m in Sources */ = {isa = PBXBuildFile; fileRef = 6A7F1839163F4217002A0E00 /* GTMHTTPFetcherService.m */; settings = {COMPILER_FLAGS = "-fno-objc-arc"; }; };
		6A7F1865163F4217002A0E00 /* GTMHTTPFetcher.m in Sources */ = {isa = PBXBuildFile; fileRef = 6A7F183B163F4217002A0E00 /* GTMHTTPFetcher.m */; settings = {COMPILER_FLAGS = "-fno-objc-arc"; }; };
		6A7F1866163F4217002A0E00 /* GTMHTTPFetcherLogging.m in Sources */ = {isa = PBXBuildFile; fileRef = 6A7F183D163F4217002A0E00 /* GTMHTTPFetcherLogging.m */; settings = {COMPILER_FLAGS = "-fno-objc-arc"; }; };
		6A7F1867163F4217002A0E00 /* GTMHTTPFetchHistory.m in Sources */ = {isa = PBXBuildFile; fileRef = 6A7F183F163F4217002A0E00 /* GTMHTTPFetchHistory.m */; settings = {COMPILER_FLAGS = "-fno-objc-arc"; }; };
		6A7F1868163F4217002A0E00 /* GTMHTTPUploadFetcher.m in Sources */ = {isa = PBXBuildFile; fileRef = 6A7F1841163F4217002A0E00 /* GTMHTTPUploadFetcher.m */; settings = {COMPILER_FLAGS = "-fno-objc-arc"; }; };
		6A7F1869163F4217002A0E00 /* GTMGatherInputStream.m in Sources */ = {isa = PBXBuildFile; fileRef = 6A7F1843163F4217002A0E00 /* GTMGatherInputStream.m */; settings = {COMPILER_FLAGS = "-fno-objc-arc"; }; };
		6A7F186A163F4217002A0E00 /* GTMMIMEDocument.m in Sources */ = {isa = PBXBuildFile; fileRef = 6A7F1845163F4217002A0E00 /* GTMMIMEDocument.m */; settings = {COMPILER_FLAGS = "-fno-objc-arc"; }; };
		6A7F186B163F4217002A0E00 /* GTMReadMonitorInputStream.m in Sources */ = {isa = PBXBuildFile; fileRef = 6A7F1847163F4217002A0E00 /* GTMReadMonitorInputStream.m */; settings = {COMPILER_FLAGS = "-fno-objc-arc"; }; };
		6A7F186C163F4217002A0E00 /* SBJsonBase.m in Sources */ = {isa = PBXBuildFile; fileRef = 6A7F184B163F4217002A0E00 /* SBJsonBase.m */; settings = {COMPILER_FLAGS = "-fno-objc-arc"; }; };
		6A7F186D163F4217002A0E00 /* SBJsonParser.m in Sources */ = {isa = PBXBuildFile; fileRef = 6A7F184D163F4217002A0E00 /* SBJsonParser.m */; settings = {COMPILER_FLAGS = "-fno-objc-arc"; }; };
		6A7F186E163F4217002A0E00 /* SBJsonWriter.m in Sources */ = {isa = PBXBuildFile; fileRef = 6A7F184F163F4217002A0E00 /* SBJsonWriter.m */; settings = {COMPILER_FLAGS = "-fno-objc-arc"; }; };
		6A7F186F163F4217002A0E00 /* GTMOAuth2Authentication.m in Sources */ = {isa = PBXBuildFile; fileRef = 6A7F1851163F4217002A0E00 /* GTMOAuth2Authentication.m */; settings = {COMPILER_FLAGS = "-fno-objc-arc"; }; };
		6A7F1870163F4217002A0E00 /* GTMOAuth2SignIn.m in Sources */ = {isa = PBXBuildFile; fileRef = 6A7F1853163F4217002A0E00 /* GTMOAuth2SignIn.m */; settings = {COMPILER_FLAGS = "-fno-objc-arc"; }; };
		6A7F1871163F4217002A0E00 /* GTMOAuth2ViewControllerTouch.m in Sources */ = {isa = PBXBuildFile; fileRef = 6A7F1855163F4217002A0E00 /* GTMOAuth2ViewControllerTouch.m */; settings = {COMPILER_FLAGS = "-fno-objc-arc"; }; };
		6A7F1872163F4217002A0E00 /* GTMOAuth2ViewTouch.xib in Resources */ = {isa = PBXBuildFile; fileRef = 6A7F1856163F4217002A0E00 /* GTMOAuth2ViewTouch.xib */; };
		6A7F18B9163F51B6002A0E00 /* GTLQueryTictactoe.m in Sources */ = {isa = PBXBuildFile; fileRef = 6A7F18AC163F51B6002A0E00 /* GTLQueryTictactoe.m */; };
		6A7F18BA163F51B6002A0E00 /* GTLServiceTictactoe.m in Sources */ = {isa = PBXBuildFile; fileRef = 6A7F18AE163F51B6002A0E00 /* GTLServiceTictactoe.m */; };
		6A7F18BC163F51B6002A0E00 /* GTLTictactoeBoard.m in Sources */ = {isa = PBXBuildFile; fileRef = 6A7F18B2163F51B6002A0E00 /* GTLTictactoeBoard.m */; };
		6A7F18BD163F51B6002A0E00 /* GTLTictactoeScore.m in Sources */ = {isa = PBXBuildFile; fileRef = 6A7F18B4163F51B6002A0E00 /* GTLTictactoeScore.m */; };
		6A7F18BE163F51B6002A0E00 /* GTLTictactoeScores.m in Sources */ = {isa = PBXBuildFile; fileRef = 6A7F18B6163F51B6002A0E00 /* GTLTictactoeScores.m */; };
		6A7F18BF163F51B6002A0E00 /* GTLTictactoeUser.m in Sources */ = {isa = PBXBuildFile; fileRef = 6A7F18B8163F51B6002A0E00 /* GTLTictactoeUser.m */; };
/* End PBXBuildFile section */

/* Begin PBXFileReference section */
		6A31D53014F86984007CCE03 /* TicTacToeSample.app */ = {isa = PBXFileReference; explicitFileType = wrapper.application; includeInIndex = 0; path = TicTacToeSample.app; sourceTree = BUILT_PRODUCTS_DIR; };
		6A31D53414F86984007CCE03 /* UIKit.framework */ = {isa = PBXFileReference; lastKnownFileType = wrapper.framework; name = UIKit.framework; path = System/Library/Frameworks/UIKit.framework; sourceTree = SDKROOT; };
		6A31D53614F86984007CCE03 /* Foundation.framework */ = {isa = PBXFileReference; lastKnownFileType = wrapper.framework; name = Foundation.framework; path = System/Library/Frameworks/Foundation.framework; sourceTree = SDKROOT; };
		6A31D53814F86984007CCE03 /* CoreGraphics.framework */ = {isa = PBXFileReference; lastKnownFileType = wrapper.framework; name = CoreGraphics.framework; path = System/Library/Frameworks/CoreGraphics.framework; sourceTree = SDKROOT; };
		6A31D53C14F86984007CCE03 /* TicTacToeSample-Info.plist */ = {isa = PBXFileReference; lastKnownFileType = text.plist.xml; path = "TicTacToeSample-Info.plist"; sourceTree = "<group>"; };
		6A31D53E14F86984007CCE03 /* en */ = {isa = PBXFileReference; lastKnownFileType = text.plist.strings; name = en; path = en.lproj/InfoPlist.strings; sourceTree = "<group>"; };
		6A31D54014F86984007CCE03 /* main.m */ = {isa = PBXFileReference; lastKnownFileType = sourcecode.c.objc; path = main.m; sourceTree = "<group>"; };
		6A31D54214F86984007CCE03 /* TicTacToeSample-Prefix.pch */ = {isa = PBXFileReference; lastKnownFileType = sourcecode.c.h; path = "TicTacToeSample-Prefix.pch"; sourceTree = "<group>"; };
		6A31D54314F86984007CCE03 /* AppDelegate.h */ = {isa = PBXFileReference; lastKnownFileType = sourcecode.c.h; path = AppDelegate.h; sourceTree = "<group>"; };
		6A31D54414F86984007CCE03 /* AppDelegate.m */ = {isa = PBXFileReference; lastKnownFileType = sourcecode.c.objc; path = AppDelegate.m; sourceTree = "<group>"; };
		6A31D54714F86984007CCE03 /* en */ = {isa = PBXFileReference; lastKnownFileType = file.storyboard; name = en; path = en.lproj/MainStoryboard.storyboard; sourceTree = "<group>"; };
		6A31D54914F86984007CCE03 /* ViewController.h */ = {isa = PBXFileReference; lastKnownFileType = sourcecode.c.h; path = ViewController.h; sourceTree = "<group>"; };
		6A31D54A14F86984007CCE03 /* ViewController.m */ = {isa = PBXFileReference; lastKnownFileType = sourcecode.c.objc; path = ViewController.m; sourceTree = "<group>"; };
		6A31D60D14FC35FE007CCE03 /* Security.framework */ = {isa = PBXFileReference; lastKnownFileType = wrapper.framework; name = Security.framework; path = System/Library/Frameworks/Security.framework; sourceTree = SDKROOT; };
		6A31D60F14FC3609007CCE03 /* SystemConfiguration.framework */ = {isa = PBXFileReference; lastKnownFileType = wrapper.framework; name = SystemConfiguration.framework; path = System/Library/Frameworks/SystemConfiguration.framework; sourceTree = SDKROOT; };
		6A7F181C163F4217002A0E00 /* GTLDefines.h */ = {isa = PBXFileReference; fileEncoding = 4; lastKnownFileType = sourcecode.c.h; path = GTLDefines.h; sourceTree = "<group>"; };
		6A7F181D163F4217002A0E00 /* GTLObject.h */ = {isa = PBXFileReference; fileEncoding = 4; lastKnownFileType = sourcecode.c.h; path = GTLObject.h; sourceTree = "<group>"; };
		6A7F181E163F4217002A0E00 /* GTLObject.m */ = {isa = PBXFileReference; fileEncoding = 4; lastKnownFileType = sourcecode.c.objc; path = GTLObject.m; sourceTree = "<group>"; };
		6A7F181F163F4217002A0E00 /* GTLQuery.h */ = {isa = PBXFileReference; fileEncoding = 4; lastKnownFileType = sourcecode.c.h; path = GTLQuery.h; sourceTree = "<group>"; };
		6A7F1820163F4217002A0E00 /* GTLQuery.m */ = {isa = PBXFileReference; fileEncoding = 4; lastKnownFileType = sourcecode.c.objc; path = GTLQuery.m; sourceTree = "<group>"; };
		6A7F1821163F4217002A0E00 /* GTLBatchQuery.h */ = {isa = PBXFileReference; fileEncoding = 4; lastKnownFileType = sourcecode.c.h; path = GTLBatchQuery.h; sourceTree = "<group>"; };
		6A7F1822163F4217002A0E00 /* GTLBatchQuery.m */ = {isa = PBXFileReference; fileEncoding = 4; lastKnownFileType = sourcecode.c.objc; path = GTLBatchQuery.m; sourceTree = "<group>"; };
		6A7F1823163F4217002A0E00 /* GTLService.h */ = {isa = PBXFileReference; fileEncoding = 4; lastKnownFileType = sourcecode.c.h; path = GTLService.h; sourceTree = "<group>"; };
		6A7F1824163F4217002A0E00 /* GTLService.m */ = {isa = PBXFileReference; fileEncoding = 4; lastKnownFileType = sourcecode.c.objc; path = GTLService.m; sourceTree = "<group>"; };
		6A7F1825163F4217002A0E00 /* GTLBatchResult.h */ = {isa = PBXFileReference; fileEncoding = 4; lastKnownFileType = sourcecode.c.h; path = GTLBatchResult.h; sourceTree = "<group>"; };
		6A7F1826163F4217002A0E00 /* GTLBatchResult.m */ = {isa = PBXFileReference; fileEncoding = 4; lastKnownFileType = sourcecode.c.objc; path = GTLBatchResult.m; sourceTree = "<group>"; };
		6A7F1827163F4217002A0E00 /* GTLUploadParameters.h */ = {isa = PBXFileReference; fileEncoding = 4; lastKnownFileType = sourcecode.c.h; path = GTLUploadParameters.h; sourceTree = "<group>"; };
		6A7F1828163F4217002A0E00 /* GTLUploadParameters.m */ = {isa = PBXFileReference; fileEncoding = 4; lastKnownFileType = sourcecode.c.objc; path = GTLUploadParameters.m; sourceTree = "<group>"; };
		6A7F1829163F4217002A0E00 /* GTLDateTime.h */ = {isa = PBXFileReference; fileEncoding = 4; lastKnownFileType = sourcecode.c.h; path = GTLDateTime.h; sourceTree = "<group>"; };
		6A7F182A163F4217002A0E00 /* GTLDateTime.m */ = {isa = PBXFileReference; fileEncoding = 4; lastKnownFileType = sourcecode.c.objc; path = GTLDateTime.m; sourceTree = "<group>"; };
		6A7F182B163F4217002A0E00 /* GTLErrorObject.h */ = {isa = PBXFileReference; fileEncoding = 4; lastKnownFileType = sourcecode.c.h; path = GTLErrorObject.h; sourceTree = "<group>"; };
		6A7F182C163F4217002A0E00 /* GTLErrorObject.m */ = {isa = PBXFileReference; fileEncoding = 4; lastKnownFileType = sourcecode.c.objc; path = GTLErrorObject.m; sourceTree = "<group>"; };
		6A7F182D163F4217002A0E00 /* GTLRuntimeCommon.h */ = {isa = PBXFileReference; fileEncoding = 4; lastKnownFileType = sourcecode.c.h; path = GTLRuntimeCommon.h; sourceTree = "<group>"; };
		6A7F182E163F4217002A0E00 /* GTLRuntimeCommon.m */ = {isa = PBXFileReference; fileEncoding = 4; lastKnownFileType = sourcecode.c.objc; path = GTLRuntimeCommon.m; sourceTree = "<group>"; };
		6A7F182F163F4217002A0E00 /* GTLFramework.h */ = {isa = PBXFileReference; fileEncoding = 4; lastKnownFileType = sourcecode.c.h; path = GTLFramework.h; sourceTree = "<group>"; };
		6A7F1830163F4217002A0E00 /* GTLFramework.m */ = {isa = PBXFileReference; fileEncoding = 4; lastKnownFileType = sourcecode.c.objc; path = GTLFramework.m; sourceTree = "<group>"; };
		6A7F1831163F4217002A0E00 /* GTLJSONParser.h */ = {isa = PBXFileReference; fileEncoding = 4; lastKnownFileType = sourcecode.c.h; path = GTLJSONParser.h; sourceTree = "<group>"; };
		6A7F1832163F4217002A0E00 /* GTLJSONParser.m */ = {isa = PBXFileReference; fileEncoding = 4; lastKnownFileType = sourcecode.c.objc; path = GTLJSONParser.m; sourceTree = "<group>"; };
		6A7F1833163F4217002A0E00 /* GTLTargetNamespace.h */ = {isa = PBXFileReference; fileEncoding = 4; lastKnownFileType = sourcecode.c.h; path = GTLTargetNamespace.h; sourceTree = "<group>"; };
		6A7F1834163F4217002A0E00 /* GTLUtilities.h */ = {isa = PBXFileReference; fileEncoding = 4; lastKnownFileType = sourcecode.c.h; path = GTLUtilities.h; sourceTree = "<group>"; };
		6A7F1835163F4217002A0E00 /* GTLUtilities.m */ = {isa = PBXFileReference; fileEncoding = 4; lastKnownFileType = sourcecode.c.objc; path = GTLUtilities.m; sourceTree = "<group>"; };
		6A7F1836163F4217002A0E00 /* GTLBase64.h */ = {isa = PBXFileReference; fileEncoding = 4; lastKnownFileType = sourcecode.c.h; path = GTLBase64.h; sourceTree = "<group>"; };
		6A7F1837163F4217002A0E00 /* GTLBase64.m */ = {isa = PBXFileReference; fileEncoding = 4; lastKnownFileType = sourcecode.c.objc; path = GTLBase64.m; sourceTree = "<group>"; };
		6A7F1838163F4217002A0E00 /* GTMHTTPFetcherService.h */ = {isa = PBXFileReference; fileEncoding = 4; lastKnownFileType = sourcecode.c.h; path = GTMHTTPFetcherService.h; sourceTree = "<group>"; };
		6A7F1839163F4217002A0E00 /* GTMHTTPFetcherService.m */ = {isa = PBXFileReference; fileEncoding = 4; lastKnownFileType = sourcecode.c.objc; path = GTMHTTPFetcherService.m; sourceTree = "<group>"; };
		6A7F183A163F4217002A0E00 /* GTMHTTPFetcher.h */ = {isa = PBXFileReference; fileEncoding = 4; lastKnownFileType = sourcecode.c.h; path = GTMHTTPFetcher.h; sourceTree = "<group>"; };
		6A7F183B163F4217002A0E00 /* GTMHTTPFetcher.m */ = {isa = PBXFileReference; fileEncoding = 4; lastKnownFileType = sourcecode.c.objc; path = GTMHTTPFetcher.m; sourceTree = "<group>"; };
		6A7F183C163F4217002A0E00 /* GTMHTTPFetcherLogging.h */ = {isa = PBXFileReference; fileEncoding = 4; lastKnownFileType = sourcecode.c.h; path = GTMHTTPFetcherLogging.h; sourceTree = "<group>"; };
		6A7F183D163F4217002A0E00 /* GTMHTTPFetcherLogging.m */ = {isa = PBXFileReference; fileEncoding = 4; lastKnownFileType = sourcecode.c.objc; path = GTMHTTPFetcherLogging.m; sourceTree = "<group>"; };
		6A7F183E163F4217002A0E00 /* GTMHTTPFetchHistory.h */ = {isa = PBXFileReference; fileEncoding = 4; lastKnownFileType = sourcecode.c.h; path = GTMHTTPFetchHistory.h; sourceTree = "<group>"; };
		6A7F183F163F4217002A0E00 /* GTMHTTPFetchHistory.m */ = {isa = PBXFileReference; fileEncoding = 4; lastKnownFileType = sourcecode.c.objc; path = GTMHTTPFetchHistory.m; sourceTree = "<group>"; };
		6A7F1840163F4217002A0E00 /* GTMHTTPUploadFetcher.h */ = {isa = PBXFileReference; fileEncoding = 4; lastKnownFileType = sourcecode.c.h; path = GTMHTTPUploadFetcher.h; sourceTree = "<group>"; };
		6A7F1841163F4217002A0E00 /* GTMHTTPUploadFetcher.m */ = {isa = PBXFileReference; fileEncoding = 4; lastKnownFileType = sourcecode.c.objc; path = GTMHTTPUploadFetcher.m; sourceTree = "<group>"; };
		6A7F1842163F4217002A0E00 /* GTMGatherInputStream.h */ = {isa = PBXFileReference; fileEncoding = 4; lastKnownFileType = sourcecode.c.h; path = GTMGatherInputStream.h; sourceTree = "<group>"; };
		6A7F1843163F4217002A0E00 /* GTMGatherInputStream.m */ = {isa = PBXFileReference; fileEncoding = 4; lastKnownFileType = sourcecode.c.objc; path = GTMGatherInputStream.m; sourceTree = "<group>"; };
		6A7F1844163F4217002A0E00 /* GTMMIMEDocument.h */ = {isa = PBXFileReference; fileEncoding = 4; lastKnownFileType = sourcecode.c.h; path = GTMMIMEDocument.h; sourceTree = "<group>"; };
		6A7F1845163F4217002A0E00 /* GTMMIMEDocument.m */ = {isa = PBXFileReference; fileEncoding = 4; lastKnownFileType = sourcecode.c.objc; path = GTMMIMEDocument.m; sourceTree = "<group>"; };
		6A7F1846163F4217002A0E00 /* GTMReadMonitorInputStream.h */ = {isa = PBXFileReference; fileEncoding = 4; lastKnownFileType = sourcecode.c.h; path = GTMReadMonitorInputStream.h; sourceTree = "<group>"; };
		6A7F1847163F4217002A0E00 /* GTMReadMonitorInputStream.m */ = {isa = PBXFileReference; fileEncoding = 4; lastKnownFileType = sourcecode.c.objc; path = GTMReadMonitorInputStream.m; sourceTree = "<group>"; };
		6A7F1848163F4217002A0E00 /* JSON.h */ = {isa = PBXFileReference; fileEncoding = 4; lastKnownFileType = sourcecode.c.h; path = JSON.h; sourceTree = "<group>"; };
		6A7F1849163F4217002A0E00 /* JSON.h */ = {isa = PBXFileReference; fileEncoding = 4; lastKnownFileType = sourcecode.c.h; path = JSON.h; sourceTree = "<group>"; };
		6A7F184A163F4217002A0E00 /* SBJsonBase.h */ = {isa = PBXFileReference; fileEncoding = 4; lastKnownFileType = sourcecode.c.h; path = SBJsonBase.h; sourceTree = "<group>"; };
		6A7F184B163F4217002A0E00 /* SBJsonBase.m */ = {isa = PBXFileReference; fileEncoding = 4; lastKnownFileType = sourcecode.c.objc; path = SBJsonBase.m; sourceTree = "<group>"; };
		6A7F184C163F4217002A0E00 /* SBJsonParser.h */ = {isa = PBXFileReference; fileEncoding = 4; lastKnownFileType = sourcecode.c.h; path = SBJsonParser.h; sourceTree = "<group>"; };
		6A7F184D163F4217002A0E00 /* SBJsonParser.m */ = {isa = PBXFileReference; fileEncoding = 4; lastKnownFileType = sourcecode.c.objc; path = SBJsonParser.m; sourceTree = "<group>"; };
		6A7F184E163F4217002A0E00 /* SBJsonWriter.h */ = {isa = PBXFileReference; fileEncoding = 4; lastKnownFileType = sourcecode.c.h; path = SBJsonWriter.h; sourceTree = "<group>"; };
		6A7F184F163F4217002A0E00 /* SBJsonWriter.m */ = {isa = PBXFileReference; fileEncoding = 4; lastKnownFileType = sourcecode.c.objc; path = SBJsonWriter.m; sourceTree = "<group>"; };
		6A7F1850163F4217002A0E00 /* GTMOAuth2Authentication.h */ = {isa = PBXFileReference; fileEncoding = 4; lastKnownFileType = sourcecode.c.h; path = GTMOAuth2Authentication.h; sourceTree = "<group>"; };
		6A7F1851163F4217002A0E00 /* GTMOAuth2Authentication.m */ = {isa = PBXFileReference; fileEncoding = 4; lastKnownFileType = sourcecode.c.objc; path = GTMOAuth2Authentication.m; sourceTree = "<group>"; };
		6A7F1852163F4217002A0E00 /* GTMOAuth2SignIn.h */ = {isa = PBXFileReference; fileEncoding = 4; lastKnownFileType = sourcecode.c.h; path = GTMOAuth2SignIn.h; sourceTree = "<group>"; };
		6A7F1853163F4217002A0E00 /* GTMOAuth2SignIn.m */ = {isa = PBXFileReference; fileEncoding = 4; lastKnownFileType = sourcecode.c.objc; path = GTMOAuth2SignIn.m; sourceTree = "<group>"; };
		6A7F1854163F4217002A0E00 /* GTMOAuth2ViewControllerTouch.h */ = {isa = PBXFileReference; fileEncoding = 4; lastKnownFileType = sourcecode.c.h; path = GTMOAuth2ViewControllerTouch.h; sourceTree = "<group>"; };
		6A7F1855163F4217002A0E00 /* GTMOAuth2ViewControllerTouch.m */ = {isa = PBXFileReference; fileEncoding = 4; lastKnownFileType = sourcecode.c.objc; path = GTMOAuth2ViewControllerTouch.m; sourceTree = "<group>"; };
		6A7F1856163F4217002A0E00 /* GTMOAuth2ViewTouch.xib */ = {isa = PBXFileReference; fileEncoding = 4; lastKnownFileType = file.xib; path = GTMOAuth2ViewTouch.xib; sourceTree = "<group>"; };
		6A7F18AB163F51B6002A0E00 /* GTLQueryTictactoe.h */ = {isa = PBXFileReference; fileEncoding = 4; lastKnownFileType = sourcecode.c.h; path = GTLQueryTictactoe.h; sourceTree = "<group>"; };
		6A7F18AC163F51B6002A0E00 /* GTLQueryTictactoe.m */ = {isa = PBXFileReference; fileEncoding = 4; lastKnownFileType = sourcecode.c.objc; path = GTLQueryTictactoe.m; sourceTree = "<group>"; };
		6A7F18AD163F51B6002A0E00 /* GTLServiceTictactoe.h */ = {isa = PBXFileReference; fileEncoding = 4; lastKnownFileType = sourcecode.c.h; path = GTLServiceTictactoe.h; sourceTree = "<group>"; };
		6A7F18AE163F51B6002A0E00 /* GTLServiceTictactoe.m */ = {isa = PBXFileReference; fileEncoding = 4; lastKnownFileType = sourcecode.c.objc; path = GTLServiceTictactoe.m; sourceTree = "<group>"; };
		6A7F18B0163F51B6002A0E00 /* GTLTictactoe.h */ = {isa = PBXFileReference; fileEncoding = 4; lastKnownFileType = sourcecode.c.h; path = GTLTictactoe.h; sourceTree = "<group>"; };
		6A7F18B1163F51B6002A0E00 /* GTLTictactoeBoard.h */ = {isa = PBXFileReference; fileEncoding = 4; lastKnownFileType = sourcecode.c.h; path = GTLTictactoeBoard.h; sourceTree = "<group>"; };
		6A7F18B2163F51B6002A0E00 /* GTLTictactoeBoard.m */ = {isa = PBXFileReference; fileEncoding = 4; lastKnownFileType = sourcecode.c.objc; path = GTLTictactoeBoard.m; sourceTree = "<group>"; };
		6A7F18B3163F51B6002A0E00 /* GTLTictactoeScore.h */ = {isa = PBXFileReference; fileEncoding = 4; lastKnownFileType = sourcecode.c.h; path = GTLTictactoeScore.h; sourceTree = "<group>"; };
		6A7F18B4163F51B6002A0E00 /* GTLTictactoeScore.m */ = {isa = PBXFileReference; fileEncoding = 4; lastKnownFileType = sourcecode.c.objc; path = GTLTictactoeScore.m; sourceTree = "<group>"; };
		6A7F18B5163F51B6002A0E00 /* GTLTictactoeScores.h */ = {isa = PBXFileReference; fileEncoding = 4; lastKnownFileType = sourcecode.c.h; path = GTLTictactoeScores.h; sourceTree = "<group>"; };
		6A7F18B6163F51B6002A0E00 /* GTLTictactoeScores.m */ = {isa = PBXFileReference; fileEncoding = 4; lastKnownFileType = sourcecode.c.objc; path = GTLTictactoeScores.m; sourceTree = "<group>"; };
		6A7F18B7163F51B6002A0E00 /* GTLTictactoeUser.h */ = {isa = PBXFileReference; fileEncoding = 4; lastKnownFileType = sourcecode.c.h; path = GTLTictactoeUser.h; sourceTree = "<group>"; };
		6A7F18B8163F51B6002A0E00 /* GTLTictactoeUser.m */ = {isa = PBXFileReference; fileEncoding = 4; lastKnownFileType = sourcecode.c.objc; path = GTLTictactoeUser.m; sourceTree = "<group>"; };
/* End PBXFileReference section */

/* Begin PBXFrameworksBuildPhase section */
		6A31D52D14F86984007CCE03 /* Frameworks */ = {
			isa = PBXFrameworksBuildPhase;
			buildActionMask = 2147483647;
			files = (
				6A31D61014FC3609007CCE03 /* SystemConfiguration.framework in Frameworks */,
				6A31D60E14FC35FE007CCE03 /* Security.framework in Frameworks */,
				6A31D53514F86984007CCE03 /* UIKit.framework in Frameworks */,
				6A31D53714F86984007CCE03 /* Foundation.framework in Frameworks */,
				6A31D53914F86984007CCE03 /* CoreGraphics.framework in Frameworks */,
			);
			runOnlyForDeploymentPostprocessing = 0;
		};
/* End PBXFrameworksBuildPhase section */

/* Begin PBXGroup section */
		6A31D52514F86984007CCE03 = {
			isa = PBXGroup;
			children = (
				6A31D60F14FC3609007CCE03 /* SystemConfiguration.framework */,
				6A31D60D14FC35FE007CCE03 /* Security.framework */,
				6A31D53A14F86984007CCE03 /* TicTacToeSample */,
				6A31D53314F86984007CCE03 /* Frameworks */,
				6A31D53114F86984007CCE03 /* Products */,
			);
			sourceTree = "<group>";
		};
		6A31D53114F86984007CCE03 /* Products */ = {
			isa = PBXGroup;
			children = (
				6A31D53014F86984007CCE03 /* TicTacToeSample.app */,
			);
			name = Products;
			sourceTree = "<group>";
		};
		6A31D53314F86984007CCE03 /* Frameworks */ = {
			isa = PBXGroup;
			children = (
				6A31D53414F86984007CCE03 /* UIKit.framework */,
				6A31D53614F86984007CCE03 /* Foundation.framework */,
				6A31D53814F86984007CCE03 /* CoreGraphics.framework */,
			);
			name = Frameworks;
			sourceTree = "<group>";
		};
		6A31D53A14F86984007CCE03 /* TicTacToeSample */ = {
			isa = PBXGroup;
			children = (
				6A7F181B163F4200002A0E00 /* Client Library */,
				6A78EA8E151A85D600DEE7AC /* API */,
				6A31D54314F86984007CCE03 /* AppDelegate.h */,
				6A31D54414F86984007CCE03 /* AppDelegate.m */,
				6A31D54614F86984007CCE03 /* MainStoryboard.storyboard */,
				6A31D54914F86984007CCE03 /* ViewController.h */,
				6A31D54A14F86984007CCE03 /* ViewController.m */,
				6A31D53B14F86984007CCE03 /* Supporting Files */,
			);
			path = TicTacToeSample;
			sourceTree = "<group>";
		};
		6A31D53B14F86984007CCE03 /* Supporting Files */ = {
			isa = PBXGroup;
			children = (
				6A31D53C14F86984007CCE03 /* TicTacToeSample-Info.plist */,
				6A31D53D14F86984007CCE03 /* InfoPlist.strings */,
				6A31D54014F86984007CCE03 /* main.m */,
				6A31D54214F86984007CCE03 /* TicTacToeSample-Prefix.pch */,
			);
			name = "Supporting Files";
			sourceTree = "<group>";
		};
		6A78EA8E151A85D600DEE7AC /* API */ = {
			isa = PBXGroup;
			children = (
				6A7F18AB163F51B6002A0E00 /* GTLQueryTictactoe.h */,
				6A7F18AC163F51B6002A0E00 /* GTLQueryTictactoe.m */,
				6A7F18AD163F51B6002A0E00 /* GTLServiceTictactoe.h */,
				6A7F18AE163F51B6002A0E00 /* GTLServiceTictactoe.m */,
				6A7F18B0163F51B6002A0E00 /* GTLTictactoe.h */,
				6A7F18B1163F51B6002A0E00 /* GTLTictactoeBoard.h */,
				6A7F18B2163F51B6002A0E00 /* GTLTictactoeBoard.m */,
				6A7F18B3163F51B6002A0E00 /* GTLTictactoeScore.h */,
				6A7F18B4163F51B6002A0E00 /* GTLTictactoeScore.m */,
				6A7F18B5163F51B6002A0E00 /* GTLTictactoeScores.h */,
				6A7F18B6163F51B6002A0E00 /* GTLTictactoeScores.m */,
				6A7F18B7163F51B6002A0E00 /* GTLTictactoeUser.h */,
				6A7F18B8163F51B6002A0E00 /* GTLTictactoeUser.m */,
			);
			name = API;
			sourceTree = "<group>";
		};
		6A7F181B163F4200002A0E00 /* Client Library */ = {
			isa = PBXGroup;
			children = (
				6A7F181C163F4217002A0E00 /* GTLDefines.h */,
				6A7F181D163F4217002A0E00 /* GTLObject.h */,
				6A7F181E163F4217002A0E00 /* GTLObject.m */,
				6A7F181F163F4217002A0E00 /* GTLQuery.h */,
				6A7F1820163F4217002A0E00 /* GTLQuery.m */,
				6A7F1821163F4217002A0E00 /* GTLBatchQuery.h */,
				6A7F1822163F4217002A0E00 /* GTLBatchQuery.m */,
				6A7F1823163F4217002A0E00 /* GTLService.h */,
				6A7F1824163F4217002A0E00 /* GTLService.m */,
				6A7F1825163F4217002A0E00 /* GTLBatchResult.h */,
				6A7F1826163F4217002A0E00 /* GTLBatchResult.m */,
				6A7F1827163F4217002A0E00 /* GTLUploadParameters.h */,
				6A7F1828163F4217002A0E00 /* GTLUploadParameters.m */,
				6A7F1829163F4217002A0E00 /* GTLDateTime.h */,
				6A7F182A163F4217002A0E00 /* GTLDateTime.m */,
				6A7F182B163F4217002A0E00 /* GTLErrorObject.h */,
				6A7F182C163F4217002A0E00 /* GTLErrorObject.m */,
				6A7F182D163F4217002A0E00 /* GTLRuntimeCommon.h */,
				6A7F182E163F4217002A0E00 /* GTLRuntimeCommon.m */,
				6A7F182F163F4217002A0E00 /* GTLFramework.h */,
				6A7F1830163F4217002A0E00 /* GTLFramework.m */,
				6A7F1831163F4217002A0E00 /* GTLJSONParser.h */,
				6A7F1832163F4217002A0E00 /* GTLJSONParser.m */,
				6A7F1833163F4217002A0E00 /* GTLTargetNamespace.h */,
				6A7F1834163F4217002A0E00 /* GTLUtilities.h */,
				6A7F1835163F4217002A0E00 /* GTLUtilities.m */,
				6A7F1836163F4217002A0E00 /* GTLBase64.h */,
				6A7F1837163F4217002A0E00 /* GTLBase64.m */,
				6A7F1838163F4217002A0E00 /* GTMHTTPFetcherService.h */,
				6A7F1839163F4217002A0E00 /* GTMHTTPFetcherService.m */,
				6A7F183A163F4217002A0E00 /* GTMHTTPFetcher.h */,
				6A7F183B163F4217002A0E00 /* GTMHTTPFetcher.m */,
				6A7F183C163F4217002A0E00 /* GTMHTTPFetcherLogging.h */,
				6A7F183D163F4217002A0E00 /* GTMHTTPFetcherLogging.m */,
				6A7F183E163F4217002A0E00 /* GTMHTTPFetchHistory.h */,
				6A7F183F163F4217002A0E00 /* GTMHTTPFetchHistory.m */,
				6A7F1840163F4217002A0E00 /* GTMHTTPUploadFetcher.h */,
				6A7F1841163F4217002A0E00 /* GTMHTTPUploadFetcher.m */,
				6A7F1842163F4217002A0E00 /* GTMGatherInputStream.h */,
				6A7F1843163F4217002A0E00 /* GTMGatherInputStream.m */,
				6A7F1844163F4217002A0E00 /* GTMMIMEDocument.h */,
				6A7F1845163F4217002A0E00 /* GTMMIMEDocument.m */,
				6A7F1846163F4217002A0E00 /* GTMReadMonitorInputStream.h */,
				6A7F1847163F4217002A0E00 /* GTMReadMonitorInputStream.m */,
				6A7F1848163F4217002A0E00 /* JSON.h */,
				6A7F1849163F4217002A0E00 /* JSON.h */,
				6A7F184A163F4217002A0E00 /* SBJsonBase.h */,
				6A7F184B163F4217002A0E00 /* SBJsonBase.m */,
				6A7F184C163F4217002A0E00 /* SBJsonParser.h */,
				6A7F184D163F4217002A0E00 /* SBJsonParser.m */,
				6A7F184E163F4217002A0E00 /* SBJsonWriter.h */,
				6A7F184F163F4217002A0E00 /* SBJsonWriter.m */,
				6A7F1850163F4217002A0E00 /* GTMOAuth2Authentication.h */,
				6A7F1851163F4217002A0E00 /* GTMOAuth2Authentication.m */,
				6A7F1852163F4217002A0E00 /* GTMOAuth2SignIn.h */,
				6A7F1853163F4217002A0E00 /* GTMOAuth2SignIn.m */,
				6A7F1854163F4217002A0E00 /* GTMOAuth2ViewControllerTouch.h */,
				6A7F1855163F4217002A0E00 /* GTMOAuth2ViewControllerTouch.m */,
				6A7F1856163F4217002A0E00 /* GTMOAuth2ViewTouch.xib */,
			);
			name = "Client Library";
			sourceTree = "<group>";
		};
/* End PBXGroup section */

/* Begin PBXNativeTarget section */
		6A31D52F14F86984007CCE03 /* TicTacToeSample */ = {
			isa = PBXNativeTarget;
			buildConfigurationList = 6A31D54E14F86984007CCE03 /* Build configuration list for PBXNativeTarget "TicTacToeSample" */;
			buildPhases = (
				6A31D52C14F86984007CCE03 /* Sources */,
				6A31D52D14F86984007CCE03 /* Frameworks */,
				6A31D52E14F86984007CCE03 /* Resources */,
			);
			buildRules = (
			);
			dependencies = (
			);
			name = TicTacToeSample;
			productName = TicTacToeSample;
			productReference = 6A31D53014F86984007CCE03 /* TicTacToeSample.app */;
			productType = "com.apple.product-type.application";
		};
/* End PBXNativeTarget section */

/* Begin PBXProject section */
		6A31D52714F86984007CCE03 /* Project object */ = {
			isa = PBXProject;
			attributes = {
				LastUpgradeCheck = 0420;
			};
			buildConfigurationList = 6A31D52A14F86984007CCE03 /* Build configuration list for PBXProject "TicTacToeSample" */;
			compatibilityVersion = "Xcode 3.2";
			developmentRegion = English;
			hasScannedForEncodings = 0;
			knownRegions = (
				en,
			);
			mainGroup = 6A31D52514F86984007CCE03;
			productRefGroup = 6A31D53114F86984007CCE03 /* Products */;
			projectDirPath = "";
			projectRoot = "";
			targets = (
				6A31D52F14F86984007CCE03 /* TicTacToeSample */,
			);
		};
/* End PBXProject section */

/* Begin PBXResourcesBuildPhase section */
		6A31D52E14F86984007CCE03 /* Resources */ = {
			isa = PBXResourcesBuildPhase;
			buildActionMask = 2147483647;
			files = (
				6A31D53F14F86984007CCE03 /* InfoPlist.strings in Resources */,
				6A31D54814F86984007CCE03 /* MainStoryboard.storyboard in Resources */,
				6A7F1872163F4217002A0E00 /* GTMOAuth2ViewTouch.xib in Resources */,
			);
			runOnlyForDeploymentPostprocessing = 0;
		};
/* End PBXResourcesBuildPhase section */

/* Begin PBXSourcesBuildPhase section */
		6A31D52C14F86984007CCE03 /* Sources */ = {
			isa = PBXSourcesBuildPhase;
			buildActionMask = 2147483647;
			files = (
				6A31D54114F86984007CCE03 /* main.m in Sources */,
				6A31D54514F86984007CCE03 /* AppDelegate.m in Sources */,
				6A31D54B14F86984007CCE03 /* ViewController.m in Sources */,
				6A7F1857163F4217002A0E00 /* GTLObject.m in Sources */,
				6A7F1858163F4217002A0E00 /* GTLQuery.m in Sources */,
				6A7F1859163F4217002A0E00 /* GTLBatchQuery.m in Sources */,
				6A7F185A163F4217002A0E00 /* GTLService.m in Sources */,
				6A7F185B163F4217002A0E00 /* GTLBatchResult.m in Sources */,
				6A7F185C163F4217002A0E00 /* GTLUploadParameters.m in Sources */,
				6A7F185D163F4217002A0E00 /* GTLDateTime.m in Sources */,
				6A7F185E163F4217002A0E00 /* GTLErrorObject.m in Sources */,
				6A7F185F163F4217002A0E00 /* GTLRuntimeCommon.m in Sources */,
				6A7F1860163F4217002A0E00 /* GTLFramework.m in Sources */,
				6A7F1861163F4217002A0E00 /* GTLJSONParser.m in Sources */,
				6A7F1862163F4217002A0E00 /* GTLUtilities.m in Sources */,
				6A7F1863163F4217002A0E00 /* GTLBase64.m in Sources */,
				6A7F1864163F4217002A0E00 /* GTMHTTPFetcherService.m in Sources */,
				6A7F1865163F4217002A0E00 /* GTMHTTPFetcher.m in Sources */,
				6A7F1866163F4217002A0E00 /* GTMHTTPFetcherLogging.m in Sources */,
				6A7F1867163F4217002A0E00 /* GTMHTTPFetchHistory.m in Sources */,
				6A7F1868163F4217002A0E00 /* GTMHTTPUploadFetcher.m in Sources */,
				6A7F1869163F4217002A0E00 /* GTMGatherInputStream.m in Sources */,
				6A7F186A163F4217002A0E00 /* GTMMIMEDocument.m in Sources */,
				6A7F186B163F4217002A0E00 /* GTMReadMonitorInputStream.m in Sources */,
				6A7F186C163F4217002A0E00 /* SBJsonBase.m in Sources */,
				6A7F186D163F4217002A0E00 /* SBJsonParser.m in Sources */,
				6A7F186E163F4217002A0E00 /* SBJsonWriter.m in Sources */,
				6A7F186F163F4217002A0E00 /* GTMOAuth2Authentication.m in Sources */,
				6A7F1870163F4217002A0E00 /* GTMOAuth2SignIn.m in Sources */,
				6A7F1871163F4217002A0E00 /* GTMOAuth2ViewControllerTouch.m in Sources */,
				6A7F18B9163F51B6002A0E00 /* GTLQueryTictactoe.m in Sources */,
				6A7F18BA163F51B6002A0E00 /* GTLServiceTictactoe.m in Sources */,
				6A7F18BC163F51B6002A0E00 /* GTLTictactoeBoard.m in Sources */,
				6A7F18BD163F51B6002A0E00 /* GTLTictactoeScore.m in Sources */,
				6A7F18BE163F51B6002A0E00 /* GTLTictactoeScores.m in Sources */,
				6A7F18BF163F51B6002A0E00 /* GTLTictactoeUser.m in Sources */,
			);
			runOnlyForDeploymentPostprocessing = 0;
		};
/* End PBXSourcesBuildPhase section */

/* Begin PBXVariantGroup section */
		6A31D53D14F86984007CCE03 /* InfoPlist.strings */ = {
			isa = PBXVariantGroup;
			children = (
				6A31D53E14F86984007CCE03 /* en */,
			);
			name = InfoPlist.strings;
			sourceTree = "<group>";
		};
		6A31D54614F86984007CCE03 /* MainStoryboard.storyboard */ = {
			isa = PBXVariantGroup;
			children = (
				6A31D54714F86984007CCE03 /* en */,
			);
			name = MainStoryboard.storyboard;
			sourceTree = "<group>";
		};
/* End PBXVariantGroup section */

/* Begin XCBuildConfiguration section */
		6A31D54C14F86984007CCE03 /* Debug */ = {
			isa = XCBuildConfiguration;
			buildSettings = {
				ALWAYS_SEARCH_USER_PATHS = NO;
				ARCHS = "$(ARCHS_STANDARD_32_BIT)";
				CLANG_ENABLE_OBJC_ARC = NO;
				"CODE_SIGN_IDENTITY[sdk=iphoneos*]" = "iPhone Developer";
				COPY_PHASE_STRIP = NO;
				GCC_C_LANGUAGE_STANDARD = gnu99;
				GCC_DYNAMIC_NO_PIC = NO;
				GCC_OPTIMIZATION_LEVEL = 0;
				GCC_PREPROCESSOR_DEFINITIONS = (
					"DEBUG=1",
					"$(inherited)",
				);
				GCC_SYMBOLS_PRIVATE_EXTERN = NO;
				GCC_VERSION = com.apple.compilers.llvm.clang.1_0;
				GCC_WARN_ABOUT_MISSING_PROTOTYPES = YES;
				GCC_WARN_ABOUT_RETURN_TYPE = YES;
				GCC_WARN_UNUSED_VARIABLE = YES;
				IPHONEOS_DEPLOYMENT_TARGET = 5.0;
				SDKROOT = iphoneos;
			};
			name = Debug;
		};
		6A31D54D14F86984007CCE03 /* Release */ = {
			isa = XCBuildConfiguration;
			buildSettings = {
				ALWAYS_SEARCH_USER_PATHS = NO;
				ARCHS = "$(ARCHS_STANDARD_32_BIT)";
				CLANG_ENABLE_OBJC_ARC = NO;
				"CODE_SIGN_IDENTITY[sdk=iphoneos*]" = "iPhone Developer";
				COPY_PHASE_STRIP = YES;
				GCC_C_LANGUAGE_STANDARD = gnu99;
				GCC_VERSION = com.apple.compilers.llvm.clang.1_0;
				GCC_WARN_ABOUT_MISSING_PROTOTYPES = YES;
				GCC_WARN_ABOUT_RETURN_TYPE = YES;
				GCC_WARN_UNUSED_VARIABLE = YES;
				IPHONEOS_DEPLOYMENT_TARGET = 5.0;
				OTHER_CFLAGS = "-DNS_BLOCK_ASSERTIONS=1";
				SDKROOT = iphoneos;
				VALIDATE_PRODUCT = YES;
			};
			name = Release;
		};
		6A31D54F14F86984007CCE03 /* Debug */ = {
			isa = XCBuildConfiguration;
			buildSettings = {
				CLANG_ENABLE_OBJC_ARC = YES;
				FRAMEWORK_SEARCH_PATHS = (
					"$(SDKROOT)/Developer/Library/Frameworks",
					"$(DEVELOPER_LIBRARY_DIR)/Frameworks",
				);
				GCC_PRECOMPILE_PREFIX_HEADER = YES;
				GCC_PREFIX_HEADER = "TicTacToeSample/TicTacToeSample-Prefix.pch";
				INFOPLIST_FILE = "TicTacToeSample/TicTacToeSample-Info.plist";
				PRODUCT_NAME = "$(TARGET_NAME)";
				WRAPPER_EXTENSION = app;
			};
			name = Debug;
		};
		6A31D55014F86984007CCE03 /* Release */ = {
			isa = XCBuildConfiguration;
			buildSettings = {
				CLANG_ENABLE_OBJC_ARC = YES;
				FRAMEWORK_SEARCH_PATHS = (
					"$(SDKROOT)/Developer/Library/Frameworks",
					"$(DEVELOPER_LIBRARY_DIR)/Frameworks",
				);
				GCC_PRECOMPILE_PREFIX_HEADER = YES;
				GCC_PREFIX_HEADER = "TicTacToeSample/TicTacToeSample-Prefix.pch";
				INFOPLIST_FILE = "TicTacToeSample/TicTacToeSample-Info.plist";
				PRODUCT_NAME = "$(TARGET_NAME)";
				WRAPPER_EXTENSION = app;
			};
			name = Release;
		};
/* End XCBuildConfiguration section */

/* Begin XCConfigurationList section */
		6A31D52A14F86984007CCE03 /* Build configuration list for PBXProject "TicTacToeSample" */ = {
			isa = XCConfigurationList;
			buildConfigurations = (
				6A31D54C14F86984007CCE03 /* Debug */,
				6A31D54D14F86984007CCE03 /* Release */,
			);
			defaultConfigurationIsVisible = 0;
			defaultConfigurationName = Release;
		};
		6A31D54E14F86984007CCE03 /* Build configuration list for PBXNativeTarget "TicTacToeSample" */ = {
			isa = XCConfigurationList;
			buildConfigurations = (
				6A31D54F14F86984007CCE03 /* Debug */,
				6A31D55014F86984007CCE03 /* Release */,
			);
			defaultConfigurationIsVisible = 0;
			defaultConfigurationName = Release;
		};
/* End XCConfigurationList section */
	};
	rootObject = 6A31D52714F86984007CCE03 /* Project object */;
}
